{
    "_readme": [
        "This file locks the dependencies of your project to a known state",
        "Read more about it at https://getcomposer.org/doc/01-basic-usage.md#composer-lock-the-lock-file",
        "This file is @generated automatically"
    ],
    "hash": "243396eacbedb40fef0833bef74c5c89",
    "content-hash": "7d0b4b26a5d21d3b85bc6324d2d48337",
    "packages": [
        {
            "name": "react/event-loop",
            "version": "v0.4.2",
            "source": {
                "type": "git",
                "url": "https://github.com/reactphp/event-loop.git",
                "reference": "164799f73175e1c80bba92a220ea35df6ca371dd"
            },
            "dist": {
                "type": "zip",
                "url": "https://api.github.com/repos/reactphp/event-loop/zipball/164799f73175e1c80bba92a220ea35df6ca371dd",
                "reference": "164799f73175e1c80bba92a220ea35df6ca371dd",
                "shasum": ""
            },
            "require": {
                "php": ">=5.4.0"
            },
            "suggest": {
                "ext-event": "~1.0",
                "ext-libev": "*",
                "ext-libevent": ">=0.1.0"
            },
            "type": "library",
            "extra": {
                "branch-alias": {
                    "dev-master": "0.5-dev"
                }
            },
            "autoload": {
                "psr-4": {
                    "React\\EventLoop\\": "src"
                }
            },
            "notification-url": "https://packagist.org/downloads/",
            "license": [
                "MIT"
            ],
            "description": "Event loop abstraction layer that libraries can use for evented I/O.",
            "keywords": [
                "asynchronous",
                "event-loop"
            ],
            "time": "2016-03-08 02:09:32"
        }
    ],
    "packages-dev": [],
    "aliases": [],
    "minimum-stability": "stable",
    "stability-flags": [],
    "prefer-stable": false,
    "prefer-lowest": false,
    "platform": [],
    "platform-dev": []
}
